# This file was autogenerated by uv via the following command:
#    uv pip compile --python-version 3.11.9 --universal --generate-hashes --no-emit-index-url --no-annotate requirements/locks/bootstrap.in -o requirements/locks/bootstrap.lock
pip==24.0 \
    --hash=sha256:ba0d021a166865d2265246961bec0152ff124de910c5cc39f1156ce3fa7c69dc \
    --hash=sha256:ea9bd1a847e8c5774a5777bb398c19e80bcd4e2aa16a4b301b718fe6f593aba2
setuptools==68.0.0 \
    --hash=sha256:11e52c67415a381d10d6b462ced9cfb97066179f0e871399e006c4ab101fc85f \
    --hash=sha256:baf1fdb41c6da4cd2eae722e135500da913332ab3f2f5c7d33af9b492acb5235
wheel==0.42.0 \
    --hash=sha256:177f9c9b0d45c47873b619f5b650346d632cdc35fb5e4d25058e09c9e581433d \
    --hash=sha256:c45be39f7882c9d34243236f2d63cbd58039e360f85d0913425fbd7ceea617a8
